uuid: 4cb5a188-6ee0-46fb-8361-85a3aa488b79
langcode: en
status: true
dependencies:
  config:
    - views.view.changelog
  module:
    - views
  theme:
    - rain
id: rain_views_block__changelog_block
theme: rain
region: alert
weight: 0
provider: null
plugin: 'views_block:changelog-block_1'
settings:
  id: 'views_block:changelog-block_1'
  label: ''
  label_display: '0'
  provider: views
  views_label: ''
  items_per_page: none
visibility: {  }
